
Microsoft Visual Studio Solution File, Format Version 12.00
# Visual Studio Version 17
VisualStudioVersion = 17.14.36518.9
MinimumVisualStudioVersion = 10.0.40219.1
Project("{9A19103F-16F7-4668-BE54-9A1E7A4F7556}") = "ConsoleDevOps", "ConsoleDevOps\ConsoleDevOps.csproj", "{AE3AFC23-FE1F-460F-BBF4-B0DA9E660C51}"
EndProject
Project("{FAE04EC0-301F-11D3-BF4B-00C04F79EFBC}") = "AutoTests", "AutoTests\AutoTests.csproj", "{21CCF545-E914-453B-82E2-FD3152C51E5F}"
EndProject
Global
	GlobalSection(SolutionConfigurationPlatforms) = preSolution
		Debug|Any CPU = Debug|Any CPU
		Release|Any CPU = Release|Any CPU
	EndGlobalSection
	GlobalSection(ProjectConfigurationPlatforms) = postSolution
		{AE3AFC23-FE1F-460F-BBF4-B0DA9E660C51}.Debug|Any CPU.ActiveCfg = Debug|Any CPU
		{AE3AFC23-FE1F-460F-BBF4-B0DA9E660C51}.Debug|Any CPU.Build.0 = Debug|Any CPU
		{AE3AFC23-FE1F-460F-BBF4-B0DA9E660C51}.Release|Any CPU.ActiveCfg = Release|Any CPU
		{AE3AFC23-FE1F-460F-BBF4-B0DA9E660C51}.Release|Any CPU.Build.0 = Release|Any CPU
		{21CCF545-E914-453B-82E2-FD3152C51E5F}.Debug|Any CPU.ActiveCfg = Debug|Any CPU
		{21CCF545-E914-453B-82E2-FD3152C51E5F}.Debug|Any CPU.Build.0 = Debug|Any CPU
		{21CCF545-E914-453B-82E2-FD3152C51E5F}.Release|Any CPU.ActiveCfg = Release|Any CPU
		{21CCF545-E914-453B-82E2-FD3152C51E5F}.Release|Any CPU.Build.0 = Release|Any CPU
	EndGlobalSection
	GlobalSection(SolutionProperties) = preSolution
		HideSolutionNode = FALSE
	EndGlobalSection
	GlobalSection(ExtensibilityGlobals) = postSolution
		SolutionGuid = {ADD57BF0-7625-46BA-9C9D-8A0C380E1307}
	EndGlobalSection
EndGlobal
